
Microsoft Visual Studio Solution File, Format Version 12.00
# Visual Studio Version 17
VisualStudioVersion = 17.8.34322.80
MinimumVisualStudioVersion = 10.0.40219.1
Project("{FAE04EC0-301F-11D3-BF4B-00C04F79EFBC}") = "Rss Haberleri", "Rss Haberleri\Rss Haberleri.csproj", "{3E40C00A-5002-47B9-B8E3-1FF7F113E497}"
EndProject
Global
	GlobalSection(SolutionConfigurationPlatforms) = preSolution
		Debug|Any CPU = Debug|Any CPU
		Release|Any CPU = Release|Any CPU
	EndGlobalSection
	GlobalSection(ProjectConfigurationPlatforms) = postSolution
		{3E40C00A-5002-47B9-B8E3-1FF7F113E497}.Debug|Any CPU.ActiveCfg = Debug|Any CPU
		{3E40C00A-5002-47B9-B8E3-1FF7F113E497}.Debug|Any CPU.Build.0 = Debug|Any CPU
		{3E40C00A-5002-47B9-B8E3-1FF7F113E497}.Release|Any CPU.ActiveCfg = Release|Any CPU
		{3E40C00A-5002-47B9-B8E3-1FF7F113E497}.Release|Any CPU.Build.0 = Release|Any CPU
	EndGlobalSection
	GlobalSection(SolutionProperties) = preSolution
		HideSolutionNode = FALSE
	EndGlobalSection
	GlobalSection(ExtensibilityGlobals) = postSolution
		SolutionGuid = {7C469C5C-B7A0-4B0C-9753-23EC0DD987C9}
	EndGlobalSection
EndGlobal
